
Microsoft Visual Studio Solution File, Format Version 12.00
# Visual Studio 15
VisualStudioVersion = 15.0.28010.2046
MinimumVisualStudioVersion = 10.0.40219.1
Project("{FAE04EC0-301F-11D3-BF4B-00C04F79EFBC}") = "myfstprojectt", "myfstprojectt\myfstprojectt.csproj", "{FF2459D0-B73E-4F44-919F-DD2A66E3133B}"
EndProject
Global
	GlobalSection(SolutionConfigurationPlatforms) = preSolution
		Debug|Any CPU = Debug|Any CPU
		Release|Any CPU = Release|Any CPU
	EndGlobalSection
	GlobalSection(ProjectConfigurationPlatforms) = postSolution
		{FF2459D0-B73E-4F44-919F-DD2A66E3133B}.Debug|Any CPU.ActiveCfg = Debug|Any CPU
		{FF2459D0-B73E-4F44-919F-DD2A66E3133B}.Debug|Any CPU.Build.0 = Debug|Any CPU
		{FF2459D0-B73E-4F44-919F-DD2A66E3133B}.Release|Any CPU.ActiveCfg = Release|Any CPU
		{FF2459D0-B73E-4F44-919F-DD2A66E3133B}.Release|Any CPU.Build.0 = Release|Any CPU
	EndGlobalSection
	GlobalSection(SolutionProperties) = preSolution
		HideSolutionNode = FALSE
	EndGlobalSection
	GlobalSection(ExtensibilityGlobals) = postSolution
		SolutionGuid = {6A1D4D08-B260-4F45-B767-7878CED7B419}
	EndGlobalSection
EndGlobal
